PODS:
  - Swinject (2.6.1)
  - SwinjectStoryboard (2.2.0):
    - Swinject (~> 2.6)

DEPENDENCIES:
  - Swinject
  - SwinjectStoryboard

SPEC REPOS:
  https://github.com/cocoapods/specs.git:
    - Swinject
    - SwinjectStoryboard

SPEC CHECKSUMS:
  Swinject: b624462f47b635a64f89a60a247baa5fccec14e1
  SwinjectStoryboard: 32512ef16c2b0ff5b8f823b23539c4a50f6d3383

PODFILE CHECKSUM: 9d3f70ee47771ce657699288517ce4c37ee57813

COCOAPODS: 1.6.1
